<?xml version="1.0" encoding="utf-8"?>
<Project ToolsVersion="4.0" xmlns="http://schemas.microsoft.com/developer/msbuild/2003">
  <ItemGroup>
    <ClCompile Include="Src\Application\Application.cpp" />
    <ClCompile Include="Src\Common\Vector2.cpp" />
    <ClCompile Include="Src\main.cpp" />
    <ClCompile Include="Src\Manager\Camera\InstantCamera.cpp" />
    <ClCompile Include="Src\Manager\Font\FontManager.cpp" />
    <ClCompile Include="Src\Manager\Input\InputTextManager.cpp" />
    <ClCompile Include="Src\Object\Common\AnimationController\AnimationController.cpp" />
    <ClCompile Include="Src\Manager\Camera\Camera.cpp" />
    <ClCompile Include="Src\Manager\Collision\CollisionManager.cpp" />
    <ClCompile Include="Src\Manager\FPS\FPS.cpp" />
    <ClCompile Include="Src\Manager\Input\KeyManager.cpp" />
    <ClCompile Include="Src\Manager\Loading\Loading.cpp" />
    <ClCompile Include="Src\Manager\Sound\SoundManager.cpp" />
    <ClCompile Include="Src\Object\ActorBase.cpp" />
    <ClCompile Include="Src\Object\Common\DataLoad\ParameterLoad.cpp" />
    <ClCompile Include="Src\Object\Stage\TomatoBoss\TomatoBossStage.cpp" />
    <ClCompile Include="Src\Scene\Clear\ClearScene.cpp" />
    <ClCompile Include="Src\Scene\Common\Fade\FadeInScene.cpp" />
    <ClCompile Include="Src\Scene\Common\Fade\FadeOutScene.cpp" />
    <ClCompile Include="Src\Scene\Game\GameScene.cpp" />
    <ClCompile Include="Src\Scene\Game\Pause\GamePause.cpp" />
    <ClCompile Include="Src\Scene\Select\BossSelect.cpp" />
    <ClCompile Include="Src\Scene\SceneManager\SceneManager.cpp" />
    <ClCompile Include="Src\Scene\Title\End\EndScene.cpp" />
    <ClCompile Include="Src\Scene\Title\TitleScene.cpp" />
    <ClCompile Include="Src\Object\Character\Player\CommonPlayerState\Death\PlayerDeathState.cpp" />
    <ClCompile Include="Src\Object\Character\Player\CommonPlayerState\Dodge\PlayerDodgeState.cpp" />
    <ClCompile Include="Src\Object\Character\Player\CommonPlayerState\Damage\PlayerDamageState.cpp" />
    <ClCompile Include="Src\Object\Character\Player\CommonPlayerState\SimpleAttack\PlayerSimpleAttackCollOperator.cpp" />
    <ClCompile Include="Src\Object\Character\Player\CommonPlayerState\SimpleAttack\PlayerSimpleAttackState.cpp" />
    <ClCompile Include="Src\Object\Character\Player\CommonPlayerState\TripleAttack\PlayerTripleAttackCollOperator.cpp" />
    <ClCompile Include="Src\Object\Character\Player\CommonPlayerState\TripleAttack\PlayerTripleAttackState.cpp" />
    <ClCompile Include="Src\Object\Character\Player\CommonPlayerState\Move\PlayerMoveState.cpp" />
    <ClCompile Include="Src\Object\Character\Boss\Tomato\TomatoBoss.cpp" />
    <ClCompile Include="Src\Object\Character\CharacterBase.cpp" />
    <ClCompile Include="Src\Common\Vector3.cpp" />
    <ClCompile Include="Src\Manager\Net\NetWorkManager.cpp" />
    <ClCompile Include="Src\Object\Character\Boss\Tomato\State\Stamp\TomatoBossStampState.cpp" />
    <ClCompile Include="Src\Object\Character\Boss\Tomato\State\Stamp\TomatoStampCollOperator.cpp" />
    <ClCompile Include="Src\Object\UI\PlayerSkillUI\PlayerSkillUI.cpp" />
    <ClCompile Include="Src\Object\UI\CharacterHpUI\CharacterHpUI.cpp" />
    <ClCompile Include="Src\Object\UI\PlayerStaminaUI\PlayerStaminaUI.cpp" />
    <ClCompile Include="Src\Object\UI\UI_Base.cpp" />
    <ClCompile Include="Src\Manager\Net\HostAddressProvider\HostAddressProvider.cpp" />
    <ClCompile Include="Src\Manager\Net\Enet\callbacks.c" />
    <ClCompile Include="Src\Manager\Net\Enet\compress.c" />
    <ClCompile Include="Src\Manager\Net\Enet\host.c" />
    <ClCompile Include="Src\Manager\Net\Enet\list.c" />
    <ClCompile Include="Src\Manager\Net\Enet\packet.c" />
    <ClCompile Include="Src\Manager\Net\Enet\peer.c" />
    <ClCompile Include="Src\Manager\Net\Enet\protocol.c" />
    <ClCompile Include="Src\Manager\Net\Enet\win32.c" />
    <ClCompile Include="Src\Object\Character\Boss\Tomato\State\Move\TomatoBossMoveState.cpp" />
    <ClCompile Include="Src\Object\Character\Boss\Tomato\State\Tackle\TomatoBossTackleState.cpp" />
    <ClCompile Include="Src\Object\Character\Boss\Tomato\State\Headbutt\TomatoBossHeadbuttState.cpp" />
    <ClCompile Include="Src\Object\Character\Boss\Tomato\State\Tackle\TomatoTackleCollOperator.cpp" />
    <ClCompile Include="Src\Object\Character\Boss\Tomato\State\Headbutt\TomatoHeadbuttCollOperator.cpp" />
    <ClCompile Include="Src\Object\Character\Boss\Tomato\State\Move\TomatoBossMoveState.cpp" />
    <ClCompile Include="Src\Object\Character\Player\PlayerBase.cpp" />
    <ClCompile Include="Src\Manager\Effect\EffectManager.cpp" />
    <ClCompile Include="Src\Object\Character\Boss\Tomato\State\Idle\TomatoBossIdleState.cpp" />
    <ClCompile Include="Src\Manager\Effect\TackleMove\EffectTackleMove.cpp" />
    <ClCompile Include="Src\Object\Character\Player\PlayerManager\PlayerManager.cpp" />
    <ClCompile Include="Src\Scene\Lobby\LobbyScene.cpp" />
    <ClCompile Include="Src\Object\SkyDome\SkyDome.cpp" />
    <ClCompile Include="Src\Scene\Lobby\CharaSelect\CharaSelectScene.cpp" />
    <ClCompile Include="Src\Object\Lobby\LobbyCharaPreview\LobbyCharaPreviewManager.cpp" />
    <ClCompile Include="Src\Object\Lobby\LobbyCharaPreview\LobbyCharaPreviewBase.cpp" />
    <ClCompile Include="Src\Scene\GameOver\GameOver.cpp" />
    <ClCompile Include="Src\Object\UI\HitUI\HitUI.cpp" />
    <ClCompile Include="Src\Object\Character\Player\CommonPlayerState\OtherPlayerWatch\OtherPlayerWatchState.cpp" />
    <ClCompile Include="Src\Scene\Lobby\MultiLobbyScene.cpp" />
    <ClCompile Include="Src\Scene\Lobby\MultiPopup\MultiPopupScene.cpp" />
    <ClCompile Include="Src\Scene\Lobby\MultiPopup\MatchingLoadingScene.cpp" />
    <ClCompile Include="Src\Object\Character\Boss\Grape\GrapeBoss.cpp" />
    <ClCompile Include="Src\Object\Character\Boss\BossBase.cpp" />
    <ClCompile Include="Src\Object\Character\Boss\Tomato\State\Death\TomatoBossDeathState.cpp" />
    <ClCompile Include="Src\Manager\Effect\StampLand\EffectStampLand.cpp" />
    <ClCompile Include="Src\Object\Character\Boss\Grape\Weapon\Straight\GrapeBossStraight.cpp" />
    <ClCompile Include="Src\Object\Character\Boss\Grape\Weapon\GrapeBossWeaponManager.cpp" />
    <ClCompile Include="Src\Object\Character\Boss\Grape\Weapon\GrapeBossWeaponBase.cpp" />
    <ClCompile Include="Src\Object\Character\Boss\Grape\State\Death\GrapeBossDeathState.cpp" />
    <ClCompile Include="Src\Object\Character\Boss\Grape\State\Idle\GrapeBossIdleState.cpp" />
    <ClCompile Include="Src\Object\Character\Boss\Grape\State\Move\GrapeBossMoveState.cpp" />
    <ClCompile Include="Src\Object\Character\Boss\Grape\State\Straight\GrapeBossStraightState.cpp" />
    <ClCompile Include="Src\Object\Character\Player\PlayerCharacters\Orange\OrangePlayer.cpp" />
    <ClCompile Include="Src\Object\Character\Player\PlayerCharacters\Tomato\TomatoPlayer.cpp" />
    <ClCompile Include="Src\Object\Character\Boss\Grape\State\KickDown\GrapeBossKickDownState.cpp" />
    <ClCompile Include="Src\Object\Character\Boss\Grape\State\KickDown\GrapeKickDownCollOperator.cpp" />
    <ClCompile Include="Src\Object\Character\Boss\Grape\Weapon\KickBomb\GrapeBossKickBomb.cpp" />
    <ClCompile Include="Src\Object\Character\Boss\Grape\State\Stamp\GrapeBossStampState.cpp" />
    <ClCompile Include="Src\Object\Character\Boss\Grape\State\Stamp\GrapeStampCollOperator.cpp" />
    <ClCompile Include="Src\Object\Character\Boss\Grape\Weapon\StampBomb\GrapeBossStampBomb.cpp" />
    <ClCompile Include="Src\Object\Character\Player\PlayerCharacters\Tomato\TomatoUniqueState\Move\TomatoPlayerMoveState.cpp" />
    <ClCompile Include="Src\Object\Character\Player\PlayerCharacters\Tomato\TomatoUniqueState\Tackle\TomatoPlayerTackleState.cpp" />
    <ClCompile Include="Src\Object\Character\Player\PlayerCharacters\Tomato\TomatoUniqueState\Tackle\TomatoPlayerTackleCollOperator.cpp" />
    <ClCompile Include="Src\Object\Character\Player\PlayerCharacters\Tomato\TomatoUniqueState\Damage\TomatoPlayerDamageState.cpp" />
    <ClCompile Include="Src\Object\Character\Player\PlayerCharacters\Tomato\TomatoUniqueState\HeadButt\TomatoPlayerHeadButtState.cpp" />
    <ClCompile Include="Src\Object\Character\Player\PlayerCharacters\Tomato\TomatoUniqueState\HeadButt\TomatoPlayerHeadButtCollOperator.cpp" />
    <ClCompile Include="Src\Object\Character\Player\PlayerCharacters\Tomato\TomatoUniqueState\Stamp\TomatoPlayerStampState.cpp" />
    <ClCompile Include="Src\Object\Character\Player\PlayerCharacters\Tomato\TomatoUniqueState\Stamp\TomatoPlayerStampCollOperator.cpp" />
    <ClCompile Include="Src\Object\Character\Player\PlayerCharacters\Peach\PeachPlayer.cpp" />
    <ClCompile Include="Src\Object\Character\Player\PlayerCharacters\Tomato\TomatoUniqueState\Death\TomatoPlayerDeathState.cpp" />
    <ClCompile Include="Src\Object\Lobby\CharaSelectScene\CharaSelectPreviewManager.cpp" />
    <ClCompile Include="Src\Object\Lobby\CharaSelectScene\CharaSelectPreview\CharaSelectPreviewBase.cpp" />
    <ClCompile Include="Src\Object\Lobby\LobbyBossPreview\LobbyBossPreview.cpp" />
    <ClCompile Include="Src\Scene\Lobby\BossSelect\BossSelectScene.cpp" />
    <ClCompile Include="Src\Object\Character\Boss\Grape\State\Single\GrapeBossSingleState.cpp" />
    <ClCompile Include="Src\Object\Character\Boss\Grape\Weapon\SingleBomb\GrapeBossSingleBomb.cpp" />
    <ClCompile Include="Src\Object\Character\Boss\Grape\State\Stalker\GrapeBossStalkerState.cpp" />
    <ClCompile Include="Src\Object\Character\Boss\Grape\Weapon\StalkerBomb\GrapeBossStalkerBomb.cpp" />
    <ClCompile Include="Src\Object\Character\Boss\Grape\State\Random\GrapeBossRandomState.cpp" />
    <ClCompile Include="Src\Object\Character\Boss\Grape\Weapon\RandomBomb\GrapeBossRandomBomb.cpp" />
    <ClCompile Include="Src\Object\Character\Player\CommonPlayerState\SingleModifier\PlayerSingleModifierCollOperator.cpp" />
    <ClCompile Include="Src\Object\Character\Player\CommonPlayerState\SingleModifier\PlayerSingleModifierState.cpp" />
    <ClCompile Include="Src\Manager\Effect\Heal\EffectHeal.cpp" />
    <ClCompile Include="Src\Manager\Effect\Buff\EffectBuff.cpp" />
    <ClCompile Include="Src\Manager\Effect\StampShockWave\EffectStampShockWave.cpp" />
    <ClCompile Include="Src\Manager\Effect\TackleCharge\TackleCharge.cpp" />
    <ClCompile Include="Src\Scene\Common\Option\OptionScene.cpp" />
    <ClCompile Include="Src\Scene\Lobby\MultiPopup\Password\PasswordScene.cpp" />
  </ItemGroup>
  <ItemGroup>
    <ClInclude Include="Src\Application\Application.h" />
    <ClInclude Include="Src\Common\Vector2.h" />
    <ClInclude Include="Src\Common\Vector3.h" />
    <ClInclude Include="Src\Manager\Camera\InstantCamera.h" />
    <ClInclude Include="Src\Manager\Font\FontManager.h" />
    <ClInclude Include="Src\Manager\Input\InputTextManager.h" />
    <ClInclude Include="Src\Object\Common\AnimationController\AnimationController.h" />
    <ClInclude Include="Src\Manager\Camera\Camera.h" />
    <ClInclude Include="Src\Manager\Collision\CollisionManager.h" />
    <ClInclude Include="Src\Manager\FPS\FPS.h" />
    <ClInclude Include="Src\Manager\Input\KeyManager.h" />
    <ClInclude Include="Src\Manager\Loading\Loading.h" />
    <ClInclude Include="Src\Manager\Sound\SoundManager.h" />
    <ClInclude Include="Src\Object\ActorBase.h" />
    <ClInclude Include="Src\Object\Common\Collider\BoxCollider.h" />
    <ClInclude Include="Src\Object\Common\Collider\ColliderBase.h" />
    <ClInclude Include="Src\Object\Common\Collider\CapsuleCollider.h" />
    <ClInclude Include="Src\Object\Common\Collider\LineCollider.h" />
    <ClInclude Include="Src\Object\Common\Collider\ModelCollider.h" />
    <ClInclude Include="Src\Object\Common\Collider\SphereCollider.h" />
    <ClInclude Include="Src\Object\Common\DataLoad\ParameterLoad.h" />
    <ClInclude Include="Src\Object\Common\DebugObject\BoxDebugObject.h" />
    <ClInclude Include="Src\Object\Common\Transform.h" />
    <ClInclude Include="Src\Object\Stage\TomatoBoss\TomatoBossStage.h" />
    <ClInclude Include="Src\Scene\Clear\ClearScene.h" />
    <ClInclude Include="Src\Scene\Common\Fade\FadeInScene.h" />
    <ClInclude Include="Src\Scene\Common\Fade\FadeOutScene.h" />
    <ClInclude Include="Src\Scene\Game\GameScene.h" />
    <ClInclude Include="Src\Scene\Common\GameDebugScene.h" />
    <ClInclude Include="Src\Scene\Game\Pause\GamePauseh.h" />
    <ClInclude Include="Src\Scene\Select\BossSelect.h" />
    <ClInclude Include="Src\Scene\SceneBase.h" />
    <ClInclude Include="Src\Scene\SceneManager\SceneManager.h" />
    <ClInclude Include="Src\Scene\Title\End\EndScene.h" />
    <ClInclude Include="Src\Scene\Title\TitleScene.h" />
    <ClInclude Include="Src\Utility\Utility.h" />
    <ClCompile Include="Src\Application\Application.cpp">
      <Filter>ソース ファイル</Filter>
    </ClCompile>
    <ClCompile Include="Src\Object\Common\AnimationController\AnimationController.cpp">
      <Filter>ソース ファイル</Filter>
    </ClCompile>
    <ClCompile Include="Src\Manager\Camera\Camera.cpp">
      <Filter>ソース ファイル</Filter>
    </ClCompile>
    <ClCompile Include="Src\Manager\FPS\FPS.cpp">
      <Filter>ソース ファイル</Filter>
    </ClCompile>
    <ClCompile Include="Src\Manager\Input\KeyManager.cpp">
      <Filter>ソース ファイル</Filter>
    </ClCompile>
    <ClCompile Include="Src\Manager\Loading\Loading.cpp">
      <Filter>ソース ファイル</Filter>
    </ClCompile>
    <ClCompile Include="Src\Manager\Sound\SoundManager.cpp">
      <Filter>ソース ファイル</Filter>
    </ClCompile>
    <ClCompile Include="Src\Scene\Game\GameScene.cpp">
      <Filter>ソース ファイル</Filter>
    </ClCompile>
    <ClCompile Include="Src\Scene\SceneManager\SceneManager.cpp">
      <Filter>ソース ファイル</Filter>
    </ClCompile>
    <ClCompile Include="Src\Scene\Title\TitleScene.cpp">
      <Filter>ソース ファイル</Filter>
    </ClCompile>
    <ClCompile Include="Src\main.cpp">
      <Filter>ソース ファイル</Filter>
    </ClCompile>
    <ClCompile Include="Src\Scene\Title\End\EndScene.cpp">
      <Filter>ソース ファイル</Filter>
    </ClCompile>
    <ClCompile Include="Src\Scene\Clear\ClearScene.cpp">
      <Filter>ソース ファイル</Filter>
    </ClCompile>
    <ClCompile Include="Src\Scene\Game\Pause\GamePause.cpp">
      <Filter>ソース ファイル</Filter>
    </ClCompile>
    <ClCompile Include="Src\Object\ActorBase.cpp">
      <Filter>ソース ファイル</Filter>
    </ClCompile>
    <ClCompile Include="Src\Manager\Collision\CollisionManager.cpp">
      <Filter>ソース ファイル</Filter>
    </ClCompile>
    <ClCompile Include="Src\Common\Vector2.cpp">
      <Filter>ソース ファイル</Filter>
    </ClCompile>
    <ClCompile Include="Src\Manager\Camera\InstantCamera.cpp">
      <Filter>ソース ファイル</Filter>
    </ClCompile>
    <ClCompile Include="Src\Manager\Input\InputTextManager.cpp">
      <Filter>ソース ファイル</Filter>
    </ClCompile>
    <ClCompile Include="Src\Manager\Font\FontManager.cpp">
      <Filter>ソース ファイル</Filter>
    </ClCompile>
    <ClCompile Include="Src\Scene\Common\Fade\FadeInScene.cpp">
      <Filter>ソース ファイル</Filter>
    </ClCompile>
    <ClCompile Include="Src\Scene\Common\Fade\FadeOutScene.cpp">
      <Filter>ソース ファイル</Filter>
    </ClCompile>
    <ClCompile Include="Src\Object\Common\DataLoad\ParameterLoad.cpp">
      <Filter>ソース ファイル</Filter>
    </ClCompile>
    <ClCompile Include="Src\Scene\Select\BossSelect.cpp">
      <Filter>ソース ファイル</Filter>
    </ClCompile>
    <ClCompile Include="Src\Object\Stage\TomatoBoss\TomatoBossStage.cpp">
      <Filter>ソース ファイル</Filter>
    </ClCompile>
    <ClInclude Include="Src\Object\Common\Collider\ColliderTagDefine.h" />
    <ClInclude Include="Src\Object\Character\CharacterStateBase.h" />
    <ClInclude Include="Src\Object\Character\CharacterStatsDefine.h" />
    <ClInclude Include="Src\Object\Character\Player\CommonPlayerState\Damage\PlayerDamageState.h" />
    <ClInclude Include="Src\Object\Character\Player\CommonPlayerState\Death\PlayerDeathState.h" />
    <ClInclude Include="Src\Object\Character\Player\CommonPlayerState\Dodge\PlayerDodgeState.h" />
    <ClInclude Include="Src\Object\Character\Player\CommonPlayerState\SimpleAttack\PlayerSimpleAttackCollOperator.h" />
    <ClInclude Include="Src\Object\Character\Player\CommonPlayerState\SimpleAttack\PlayerSimpleAttackState.h" />
    <ClInclude Include="Src\Object\Character\Player\CommonPlayerState\TripleAttack\PlayerTripleAttackCollOperator.h" />
    <ClInclude Include="Src\Object\Character\Player\CommonPlayerState\TripleAttack\PlayerTripleAttackState.h" />
    <ClInclude Include="Src\Object\Character\Player\CommonPlayerState\TripleAttack\PlayerTripleAttackStDefine.h" />
    <ClInclude Include="Src\Object\Character\Player\CommonPlayerState\Move\PlayerMoveState.h" />
    <ClInclude Include="Src\Object\Character\Boss\Tomato\TomatoBoss.h" />
    <ClInclude Include="Src\Object\Character\CharacterBase.h" />
    <ClInclude Include="Src\Object\Common\Collider\XZCircleCollider.h" />
    <ClInclude Include="Src\Manager\Net\NetWorkDefine.h" />
    <ClInclude Include="Src\Manager\Net\NetWorkManager.h" />
    <ClInclude Include="Src\Object\Character\Boss\Tomato\State\Stamp\TomatoBossStampState.h" />
    <ClInclude Include="Src\Object\Character\Boss\Tomato\State\Stamp\TomatoStampCollOperator.h" />
    <ClInclude Include="Src\Object\UI\PlayerSkillUI\PlayerSkillUI.h" />
    <ClInclude Include="Src\Object\UI\CharacterHpUI\CharacterHpUI.h" />
    <ClInclude Include="Src\Object\UI\PlayerStaminaUI\PlayerStaminaUI.h" />
    <ClInclude Include="Src\Object\UI\UI_Base.h" />
    <ClInclude Include="Src\Manager\Net\HostAddressProvider\HostAddressProvider.h" />
    <ClInclude Include="Src\Object\CharaTypeDefine.h" />
    <ClInclude Include="Src\pch.h" />
    <ClInclude Include="Src\Object\Character\Boss\Tomato\State\Move\TomatoBossMoveState.h" />
    <ClInclude Include="Src\Object\Character\Boss\Tomato\State\Tackle\TomatoBossTackleState.h" />
    <ClInclude Include="Src\Object\Character\Boss\Tomato\State\Headbutt\TomatoBossHeadbuttState.h" />
    <ClInclude Include="Src\Object\Character\Boss\Tomato\State\Tackle\TomatoTackleCollOperator.h" />
    <ClInclude Include="Src\Object\Character\Boss\Tomato\State\Headbutt\TomatoHeadbuttCollOperator.h" />
    <ClInclude Include="Src\Object\Character\Boss\Tomato\State\Move\TomatoBossMoveState.h" />
    <ClInclude Include="Src\Object\Character\Player\PlayerBase.h" />
    <ClInclude Include="Src\Manager\Effect\EffectBase.h" />
    <ClInclude Include="Src\Manager\Effect\EffectFactory.h" />
    <ClInclude Include="Src\Manager\Effect\EffectManager.h" />
    <ClInclude Include="Src\Object\Character\Boss\Tomato\State\Idle\TomatoBossIdleState.h" />
    <ClInclude Include="Src\Manager\Effect\TackleMove\EffectTackleMove.h" />
    <ClInclude Include="Src\Object\Character\Player\PlayerManager\PlayerFactory.h" />
    <ClInclude Include="Src\Object\Character\Player\PlayerManager\PlayerManager.h" />
    <ClInclude Include="Src\Scene\Lobby\LobbyScene.h" />
    <ClInclude Include="Src\Object\Lobby\LobbyStage\LobbyStage.h" />
    <ClInclude Include="Src\Object\SkyDome\SkyDome.h" />
    <ClInclude Include="Src\Scene\Lobby\CharaSelect\CharaSelectScene.h" />
    <ClInclude Include="Src\Object\Lobby\LobbyCharaPreview\LobbyCharaPreviewManager.h" />
    <ClInclude Include="Src\Object\Lobby\LobbyCharaPreview\LobbyCharaPreviewBase.h" />
    <ClInclude Include="Src\Object\Lobby\LobbyCharaPreview\Orange\LobbyCharaPreviewOrange.h" />
    <ClInclude Include="Src\Scene\GameOver\GameOver.h" />
    <ClInclude Include="Src\Object\UI\HitUI\HitUI.h" />
    <ClInclude Include="Src\Object\UI\UIDefine.h" />
    <ClInclude Include="Src\Object\Character\Player\CommonPlayerState\OtherPlayerWatch\OtherPlayerWatchState.h" />
    <ClInclude Include="Src\Scene\Lobby\MultiLobbyScene.h" />
    <ClInclude Include="Src\Scene\Lobby\MultiPopup\MultiPopupScene.h" />
    <ClInclude Include="Src\Scene\Lobby\MultiPopup\MatchingLoadingScene.h" />
    <ClInclude Include="Src\Object\Lobby\LobbyCharaPreview\Tomato\LobbyCharaPreviewTomato.h" />
    <ClInclude Include="Src\Object\Character\Boss\Grape\GrapeBoss.h" />
    <ClInclude Include="Src\Object\Character\Boss\BossBase.h" />
    <ClInclude Include="Src\Object\Character\Boss\Tomato\State\Death\TomatoBossDeathState.h" />
    <ClInclude Include="Src\Manager\Effect\StampLand\EffectStampLand.h" />
    <ClInclude Include="Src\Object\Character\Boss\Grape\Weapon\Straight\GrapeBossStraight.h" />
    <ClInclude Include="Src\Object\Character\Boss\Grape\Weapon\GrapeBossWeaponBase.h" />
    <ClInclude Include="Src\Object\Character\Boss\Grape\Weapon\GrapeBossWeaponManager.h" />
    <ClInclude Include="Src\Object\Character\Boss\Grape\Weapon\GrapeBossWeaponFactory.h" />
    <ClInclude Include="Src\Object\Character\Boss\Grape\State\Death\GrapeBossDeathState.h" />
    <ClInclude Include="Src\Object\Character\Boss\Grape\State\Idle\GrapeBossIdleState.h" />
    <ClInclude Include="Src\Object\Character\Boss\Grape\State\Move\GrapeBossMoveState.h" />
    <ClInclude Include="Src\Object\Character\Boss\Grape\State\Straight\GrapeBossStraightState.h" />
    <ClInclude Include="Src\Object\Character\Player\PlayerCharacters\Orange\OrangePlayer.h" />
    <ClInclude Include="Src\Object\Character\Player\PlayerCharacters\Tomato\TomatoPlayer.h" />
    <ClInclude Include="Src\Object\Character\Player\PlayerCharacters\Tomato\TomatoUniqueState\Move\TomatoPlayerMoveState.h" />
    <ClInclude Include="Src\Object\Character\Player\PlayerCharacters\Tomato\TomatoUniqueState\Tackle\TomatoPlayerTackleState.h" />
    <ClInclude Include="Src\Object\Character\Player\PlayerCharacters\Tomato\TomatoUniqueState\Tackle\TomatoPlayerTackleCollOperator.h" />
    <ClInclude Include="Src\Object\Character\Player\PlayerCharacters\Tomato\TomatoUniqueState\Damage\TomatoPlayerDamageState.h" />
    <ClInclude Include="Src\Object\Character\Player\PlayerCharacters\Tomato\TomatoUniqueState\HeadButt\TomatoPlayerHeadButtState.h" />
    <ClInclude Include="Src\Object\Character\Player\PlayerCharacters\Tomato\TomatoUniqueState\HeadButt\TomatoPlayerHeadButtCollOperator.h" />
    <ClInclude Include="Src\Object\Character\Player\PlayerCharacters\Tomato\TomatoUniqueState\Stamp\TomatoPlayerStampState.h" />
    <ClInclude Include="Src\Object\Character\Player\PlayerCharacters\Tomato\TomatoUniqueState\Stamp\TomatoPlayerStampCollOperator.h" />
    <ClInclude Include="Src\Manager\Collision\ChunkStDefine.h" />
    <ClInclude Include="Src\Object\Character\Boss\Grape\State\KickDown\GrapeBossKickDownState.h" />
    <ClInclude Include="Src\Object\Character\Boss\Grape\State\KickDown\GrapeKickDownCollOperator.h" />
    <ClInclude Include="Src\Object\Character\Boss\Grape\State\Stamp\GrapeBossStampState.h" />
    <ClInclude Include="Src\Object\Character\Boss\Grape\State\Stamp\GrapeStampCollOperator.h" />
    <ClInclude Include="Src\Object\Character\Boss\Grape\Weapon\KickBomb\GrapeBossKickBomb.h" />
    <ClInclude Include="Src\Object\Character\Boss\Grape\Weapon\StampBomb\GrapeBossStampBomb.h" />
    <ClInclude Include="Src\Object\Character\Player\PlayerCharacters\Peach\PeachPlayer.h" />
    <ClInclude Include="Src\Object\Character\Player\PlayerCharacters\Tomato\TomatoUniqueState\Death\TomatoPlayerDeathState.h" />
    <ClInclude Include="Src\Object\Lobby\CharaSelectScene\CharaSelectPreviewManager.h" />
    <ClInclude Include="Src\Object\Lobby\CharaSelectScene\CharaSelectPreview\CharaSelectPreviewBase.h" />
    <ClInclude Include="Src\Object\Lobby\CharaSelectScene\CharaSelectPreview\Orange\OrangeCharaSelectPreview.h" />
    <ClInclude Include="Src\Object\Lobby\CharaSelectScene\CharaSelectPreview\Tomato\TomatoCharaSelectPreview.h" />
    <ClInclude Include="Src\Object\Lobby\CharaSelectScene\CharaSelectPreview\Unknow\UnknowCharaSelectPreview.h" />
    <ClInclude Include="Src\Object\Lobby\LobbyBossPreview\LobbyBossPreview.h" />
    <ClInclude Include="Src\Scene\Lobby\BossSelect\BossSelectScene.h" />
    <ClInclude Include="Src\Object\Character\Boss\Grape\State\Single\GrapeBossSingleState.h" />
    <ClInclude Include="Src\Object\Character\Boss\Grape\Weapon\SingleBomb\GrapeBossSingleBomb.h" />
    <ClInclude Include="Src\Object\Character\Boss\Grape\State\Stalker\GrapeBossStalkerState.h" />
    <ClInclude Include="Src\Object\Character\Boss\Grape\Weapon\StalkerBomb\GrapeBossStalkerBomb.h" />
    <ClInclude Include="Src\Object\Character\Boss\Grape\State\Random\GrapeBossRandomState.h" />
    <ClInclude Include="Src\Object\Character\Boss\Grape\Weapon\RandomBomb\GrapeBossRandomBomb.h" />
    <ClInclude Include="Src\Object\Character\Player\CommonPlayerState\SingleModifier\PlayerSingleModifierCollOperator.h" />
    <ClInclude Include="Src\Object\Character\Player\CommonPlayerState\SingleModifier\PlayerSingleModifierState.h" />
    <ClInclude Include="Src\Object\Lobby\CharaSelectScene\CharaSelectPreview\Peach\PeachCharaSelectPreview.h" />
    <ClInclude Include="Src\Object\Character\ModifierDefine.h" />
    <ClInclude Include="Src\Manager\Net\SenderID_Define.h" />
    <ClInclude Include="Src\Manager\Effect\Heal\EffectHeal.h" />
    <ClInclude Include="Src\Manager\Effect\Buff\EffectBuff.h" />
    <ClInclude Include="Src\Object\Lobby\CharaSelectScene\CharaSelectPreview\Peach\PeachCharaSelectPreview.h" />
    <ClInclude Include="Src\Object\Common\DebugObject\CapsuleDebugObject.h" />
    <ClInclude Include="Src\Object\Common\DebugObject\DebugObjectBase.h" />
    <ClInclude Include="Src\Object\Common\DebugObject\SphereDebugObject.h" />
    <ClInclude Include="Src\Manager\Effect\StampShockWave\EffectStampShockWave.h" />
    <ClInclude Include="Src\Manager\Effect\TackleCharge\TackleCharge.h" />
    <ClInclude Include="Src\Scene\Common\Option\OptionScene.h" />
    <ClInclude Include="Src\Scene\Lobby\MultiPopup\Password\PasswordScene.h" />
  </ItemGroup>
  <ItemGroup>
    <ClInclude Include="Src\Application\Application.h">
      <Filter>ヘッダー ファイル</Filter>
    </ClInclude>
    <ClInclude Include="Src\Common\Vector2.h">
      <Filter>ヘッダー ファイル</Filter>
    </ClInclude>
    <ClInclude Include="Src\Object\Common\AnimationController\AnimationController.h">
      <Filter>ヘッダー ファイル</Filter>
    </ClInclude>
    <ClInclude Include="Src\Manager\Camera\Camera.h">
      <Filter>ヘッダー ファイル</Filter>
    </ClInclude>
    <ClInclude Include="Src\Manager\FPS\FPS.h">
      <Filter>ヘッダー ファイル</Filter>
    </ClInclude>
    <ClInclude Include="Src\Manager\Input\KeyManager.h">
      <Filter>ヘッダー ファイル</Filter>
    </ClInclude>
    <ClInclude Include="Src\Manager\Loading\Loading.h">
      <Filter>ヘッダー ファイル</Filter>
    </ClInclude>
    <ClInclude Include="Src\Manager\Sound\SoundManager.h">
      <Filter>ヘッダー ファイル</Filter>
    </ClInclude>
    <ClInclude Include="Src\Scene\Game\GameScene.h">
      <Filter>ヘッダー ファイル</Filter>
    </ClInclude>
    <ClInclude Include="Src\Scene\SceneManager\SceneManager.h">
      <Filter>ヘッダー ファイル</Filter>
    </ClInclude>
    <ClInclude Include="Src\Scene\Title\TitleScene.h">
      <Filter>ヘッダー ファイル</Filter>
    </ClInclude>
    <ClInclude Include="Src\Scene\SceneBase.h">
      <Filter>ヘッダー ファイル</Filter>
    </ClInclude>
    <ClInclude Include="Src\Utility\Utility.h">
      <Filter>ヘッダー ファイル</Filter>
    </ClInclude>
    <ClInclude Include="Src\Scene\Title\End\EndScene.h">
      <Filter>ヘッダー ファイル</Filter>
    </ClInclude>
    <ClInclude Include="Src\Scene\Clear\ClearScene.h">
      <Filter>ヘッダー ファイル</Filter>
    </ClInclude>
    <ClInclude Include="Src\Scene\Game\Pause\GamePauseh.h">
      <Filter>ヘッダー ファイル</Filter>
    </ClInclude>
    <ClInclude Include="Src\Object\ActorBase.h">
      <Filter>ヘッダー ファイル</Filter>
    </ClInclude>
    <ClInclude Include="Src\Object\Common\Transform.h">
      <Filter>ヘッダー ファイル</Filter>
    </ClInclude>
    <ClInclude Include="Src\Object\Common\Collider\ColliderBase.h">
      <Filter>ヘッダー ファイル</Filter>
    </ClInclude>
    <ClInclude Include="Src\Common\Vector3.h">
      <Filter>ヘッダー ファイル</Filter>
    </ClInclude>
    <ClInclude Include="Src\Object\Common\Collider\LineCollider.h">
      <Filter>ヘッダー ファイル</Filter>
    </ClInclude>
    <ClInclude Include="Src\Manager\Collision\CollisionManager.h">
      <Filter>ヘッダー ファイル</Filter>
    </ClInclude>
    <ClInclude Include="Src\Object\Common\Collider\SphereCollider.h">
      <Filter>ヘッダー ファイル</Filter>
    </ClInclude>
    <ClInclude Include="Src\Object\Common\Collider\CapsuleCollider.h">
      <Filter>ヘッダー ファイル</Filter>
    </ClInclude>
    <ClInclude Include="Src\Object\Common\Collider\BoxCollider.h">
      <Filter>ヘッダー ファイル</Filter>
    </ClInclude>
    <ClInclude Include="Src\Object\Common\Collider\ModelCollider.h">
      <Filter>ヘッダー ファイル</Filter>
    </ClInclude>
    <ClInclude Include="Src\Manager\Camera\InstantCamera.h">
      <Filter>ヘッダー ファイル</Filter>
    </ClInclude>
    <ClInclude Include="Src\Scene\Common\GameDebugScene.h">
      <Filter>ヘッダー ファイル</Filter>
    </ClInclude>
    <ClInclude Include="Src\Manager\Input\InputTextManager.h">
      <Filter>ヘッダー ファイル</Filter>
    </ClInclude>
    <ClInclude Include="Src\Manager\Font\FontManager.h">
      <Filter>ヘッダー ファイル</Filter>
    </ClInclude>
    <ClInclude Include="Src\Scene\Common\Fade\FadeInScene.h">
      <Filter>ヘッダー ファイル</Filter>
    </ClInclude>
    <ClInclude Include="Src\Scene\Common\Fade\FadeOutScene.h">
      <Filter>ヘッダー ファイル</Filter>
    </ClInclude>
    <ClInclude Include="Src\Object\Common\DataLoad\ParameterLoad.h">
      <Filter>ヘッダー ファイル</Filter>
    </ClInclude>
    <ClInclude Include="Src\Scene\Select\BossSelect.h">
      <Filter>ヘッダー ファイル</Filter>
    </ClInclude>
    <ClInclude Include="Src\Object\Common\DebugObject\BoxDebugObject.h">
      <Filter>ヘッダー ファイル</Filter>
    </ClInclude>
    <ClInclude Include="Src\Object\Stage\TomatoBoss\TomatoBossStage.h">
      <Filter>ヘッダー ファイル</Filter>
    </ClInclude>
  </ItemGroup>
</Project>